{
  "originHash" : "090212ee61cda0f46fb207143e52970784ac5059f71619917e3572b0266959b0",
  "pins" : [
    {
      "identity" : "swift-argument-parser",
      "kind" : "remoteSourceControl",
      "location" : "https://github.com/apple/swift-argument-parser",
      "state" : {
        "revision" : "6a52f3251125d74daf04fcbd5e6f08a75d074382",
        "version" : "1.8.2"
      }
    },
    {
      "identity" : "swiftterm",
      "kind" : "remoteSourceControl",
      "location" : "https://github.com/migueldeicaza/SwiftTerm.git",
      "state" : {
        "revision" : "ac99a546296e5f2dd3feea1c8bc69b5e49ca693b"
      }
    }
  ],
  "version" : 3
}
